{
  "object": {
    "pins": [
      {
        "package": "Adjust",
        "repositoryURL": "https://github.com/adjust/ios_sdk",
        "state": {
          "branch": null,
          "revision": "14a6d8bd4a9e394625768f366457627bd342922d",
          "version": "4.29.3"
        }
      }
    ]
  },
  "version": 1
}
